
Microsoft Visual Studio Solution File, Format Version 12.00
# Visual Studio Version 16
VisualStudioVersion = 16.0.31205.134
MinimumVisualStudioVersion = 10.0.40219.1
Project("{9A19103F-16F7-4668-BE54-9A1E7A4F7556}") = "Infoware.Views", "Infoware.Views\Infoware.Views.csproj", "{655DD121-3561-49CC-82B1-1083F7633443}"
EndProject
Project("{9A19103F-16F7-4668-BE54-9A1E7A4F7556}") = "Infoware.Views.Controles", "Infoware.Views.Controles\Infoware.Views.Controles.csproj", "{B77435C8-B75A-4DE5-A8FA-07C29753BDE3}"
EndProject
Project("{9A19103F-16F7-4668-BE54-9A1E7A4F7556}") = "Infoware.Views.EntityFrameworkCore", "Infoware.Views.EntityFrameworkCore\Infoware.Views.EntityFrameworkCore.csproj", "{F59E912C-2861-4FB7-AC6C-57EFDC3159F8}"
EndProject
Project("{FAE04EC0-301F-11D3-BF4B-00C04F79EFBC}") = "test", "test\test.csproj", "{ECD9ED0B-7317-4491-846C-E758E025F9DF}"
EndProject
Global
	GlobalSection(SolutionConfigurationPlatforms) = preSolution
		Debug|Any CPU = Debug|Any CPU
		Release|Any CPU = Release|Any CPU
	EndGlobalSection
	GlobalSection(ProjectConfigurationPlatforms) = postSolution
		{655DD121-3561-49CC-82B1-1083F7633443}.Debug|Any CPU.ActiveCfg = Debug|Any CPU
		{655DD121-3561-49CC-82B1-1083F7633443}.Debug|Any CPU.Build.0 = Debug|Any CPU
		{655DD121-3561-49CC-82B1-1083F7633443}.Release|Any CPU.ActiveCfg = Release|Any CPU
		{655DD121-3561-49CC-82B1-1083F7633443}.Release|Any CPU.Build.0 = Release|Any CPU
		{B77435C8-B75A-4DE5-A8FA-07C29753BDE3}.Debug|Any CPU.ActiveCfg = Debug|Any CPU
		{B77435C8-B75A-4DE5-A8FA-07C29753BDE3}.Debug|Any CPU.Build.0 = Debug|Any CPU
		{B77435C8-B75A-4DE5-A8FA-07C29753BDE3}.Release|Any CPU.ActiveCfg = Release|Any CPU
		{B77435C8-B75A-4DE5-A8FA-07C29753BDE3}.Release|Any CPU.Build.0 = Release|Any CPU
		{F59E912C-2861-4FB7-AC6C-57EFDC3159F8}.Debug|Any CPU.ActiveCfg = Debug|Any CPU
		{F59E912C-2861-4FB7-AC6C-57EFDC3159F8}.Debug|Any CPU.Build.0 = Debug|Any CPU
		{F59E912C-2861-4FB7-AC6C-57EFDC3159F8}.Release|Any CPU.ActiveCfg = Release|Any CPU
		{F59E912C-2861-4FB7-AC6C-57EFDC3159F8}.Release|Any CPU.Build.0 = Release|Any CPU
		{ECD9ED0B-7317-4491-846C-E758E025F9DF}.Debug|Any CPU.ActiveCfg = Debug|Any CPU
		{ECD9ED0B-7317-4491-846C-E758E025F9DF}.Debug|Any CPU.Build.0 = Debug|Any CPU
		{ECD9ED0B-7317-4491-846C-E758E025F9DF}.Release|Any CPU.ActiveCfg = Release|Any CPU
		{ECD9ED0B-7317-4491-846C-E758E025F9DF}.Release|Any CPU.Build.0 = Release|Any CPU
	EndGlobalSection
	GlobalSection(SolutionProperties) = preSolution
		HideSolutionNode = FALSE
	EndGlobalSection
	GlobalSection(ExtensibilityGlobals) = postSolution
		SolutionGuid = {39C9BE79-9EF0-4E65-A763-5796535E1C99}
	EndGlobalSection
EndGlobal
